
Microsoft Visual Studio Solution File, Format Version 12.00
Project("{FAE04EC0-301F-11D3-BF4B-00C04F79EFBC}") = "DataTableTool", "DataTableTool\DataTableTool.csproj", "{1BBB69B0-2B29-40E3-A16F-D06FFAF1DC6E}"
EndProject
Project("{FAE04EC0-301F-11D3-BF4B-00C04F79EFBC}") = "DataTableToolTest", "DataTableToolTest\DataTableToolTest.csproj", "{29DF726F-DC01-4F8B-A070-772B497F5651}"
EndProject
Global
	GlobalSection(SolutionConfigurationPlatforms) = preSolution
		Debug|Any CPU = Debug|Any CPU
		Release|Any CPU = Release|Any CPU
	EndGlobalSection
	GlobalSection(ProjectConfigurationPlatforms) = postSolution
		{1BBB69B0-2B29-40E3-A16F-D06FFAF1DC6E}.Debug|Any CPU.ActiveCfg = Debug|Any CPU
		{1BBB69B0-2B29-40E3-A16F-D06FFAF1DC6E}.Debug|Any CPU.Build.0 = Debug|Any CPU
		{1BBB69B0-2B29-40E3-A16F-D06FFAF1DC6E}.Release|Any CPU.ActiveCfg = Release|Any CPU
		{1BBB69B0-2B29-40E3-A16F-D06FFAF1DC6E}.Release|Any CPU.Build.0 = Release|Any CPU
		{29DF726F-DC01-4F8B-A070-772B497F5651}.Debug|Any CPU.ActiveCfg = Debug|Any CPU
		{29DF726F-DC01-4F8B-A070-772B497F5651}.Debug|Any CPU.Build.0 = Debug|Any CPU
		{29DF726F-DC01-4F8B-A070-772B497F5651}.Release|Any CPU.ActiveCfg = Release|Any CPU
		{29DF726F-DC01-4F8B-A070-772B497F5651}.Release|Any CPU.Build.0 = Release|Any CPU
	EndGlobalSection
EndGlobal
